
Microsoft Visual Studio Solution File, Format Version 12.00
# Visual Studio 15
VisualStudioVersion = 15.0.27428.2005
MinimumVisualStudioVersion = 10.0.40219.1
Project("{FAE04EC0-301F-11D3-BF4B-00C04F79EFBC}") = "GuessTheNumber", "GuessTheNumber\GuessTheNumber.csproj", "{40729EBE-7A34-4676-8DB4-540A969811C3}"
EndProject
Global
	GlobalSection(SolutionConfigurationPlatforms) = preSolution
		Debug|Any CPU = Debug|Any CPU
		Release|Any CPU = Release|Any CPU
	EndGlobalSection
	GlobalSection(ProjectConfigurationPlatforms) = postSolution
		{40729EBE-7A34-4676-8DB4-540A969811C3}.Debug|Any CPU.ActiveCfg = Debug|Any CPU
		{40729EBE-7A34-4676-8DB4-540A969811C3}.Debug|Any CPU.Build.0 = Debug|Any CPU
		{40729EBE-7A34-4676-8DB4-540A969811C3}.Release|Any CPU.ActiveCfg = Release|Any CPU
		{40729EBE-7A34-4676-8DB4-540A969811C3}.Release|Any CPU.Build.0 = Release|Any CPU
	EndGlobalSection
	GlobalSection(SolutionProperties) = preSolution
		HideSolutionNode = FALSE
	EndGlobalSection
	GlobalSection(ExtensibilityGlobals) = postSolution
		SolutionGuid = {A506E22A-41E7-4902-8B2B-A5FA7E7D4976}
	EndGlobalSection
EndGlobal
